
Microsoft Visual Studio Solution File, Format Version 12.00
# Visual Studio 14
VisualStudioVersion = 14.0.25420.1
MinimumVisualStudioVersion = 10.0.40219.1
Project("{FAE04EC0-301F-11D3-BF4B-00C04F79EFBC}") = "MbLux", "MbLux\MbLux.csproj", "{FC111246-D6A2-441D-9E54-9028957C054B}"
EndProject
Global
	GlobalSection(SolutionConfigurationPlatforms) = preSolution
		Debug|Any CPU = Debug|Any CPU
		Release|Any CPU = Release|Any CPU
	EndGlobalSection
	GlobalSection(ProjectConfigurationPlatforms) = postSolution
		{FC111246-D6A2-441D-9E54-9028957C054B}.Debug|Any CPU.ActiveCfg = Debug|Any CPU
		{FC111246-D6A2-441D-9E54-9028957C054B}.Debug|Any CPU.Build.0 = Debug|Any CPU
		{FC111246-D6A2-441D-9E54-9028957C054B}.Release|Any CPU.ActiveCfg = Release|Any CPU
		{FC111246-D6A2-441D-9E54-9028957C054B}.Release|Any CPU.Build.0 = Release|Any CPU
	EndGlobalSection
	GlobalSection(SolutionProperties) = preSolution
		HideSolutionNode = FALSE
	EndGlobalSection
EndGlobal
